<?xml version="1.0" encoding="utf-8"?>
<Project ToolsVersion="4.0" xmlns="http://schemas.microsoft.com/developer/msbuild/2003">
  <ItemGroup>
    <Filter Include="Source Files">
      <UniqueIdentifier>{4FC737F1-C7A5-4376-A066-2A32D752A2FF}</UniqueIdentifier>
      <Extensions>cpp;c;cc;cxx;def;odl;idl;hpj;bat;asm;asmx</Extensions>
    </Filter>
    <Filter Include="Header Files">
      <UniqueIdentifier>{93995380-89BD-4b04-88EB-625FBE52EBFB}</UniqueIdentifier>
      <Extensions>h;hh;hpp;hxx;hm;inl;inc;xsd</Extensions>
    </Filter>
    <Filter Include="Resource Files">
      <UniqueIdentifier>{67DA6AB6-F800-4c08-8B7A-83BB121AAD01}</UniqueIdentifier>
      <Extensions>rc;ico;cur;bmp;dlg;rc2;rct;bin;rgs;gif;jpg;jpeg;jpe;resx;tiff;tif;png;wav;mfcribbon-ms</Extensions>
    </Filter>
    <Filter Include="Primitives">
      <UniqueIdentifier>{81dba1c6-8f73-4346-87ff-f4aa16f256a8}</UniqueIdentifier>
    </Filter>
  </ItemGroup>
  <ItemGroup>
    <ClCompile Include="main.cpp">
      <Filter>Source Files</Filter>
    </ClCompile>
    <ClCompile Include="common\loadShader.cpp">
      <Filter>Source Files</Filter>
    </ClCompile>
    <ClCompile Include="Camera.cpp">
      <Filter>Source Files</Filter>
    </ClCompile>
    <ClCompile Include="Buffer.cpp">
      <Filter>Source Files</Filter>
    </ClCompile>
    <ClCompile Include="VAO.cpp">
      <Filter>Source Files</Filter>
    </ClCompile>
    <ClCompile Include="ShapeData.cpp">
      <Filter>Source Files</Filter>
    </ClCompile>
    <ClCompile Include="ShapeGenerator.cpp">
      <Filter>Source Files</Filter>
    </ClCompile>
    <ClCompile Include="ShapeContainer.cpp">
      <Filter>Source Files</Filter>
    </ClCompile>
    <ClCompile Include="GL_Scene.cpp">
      <Filter>Source Files</Filter>
    </ClCompile>
    <ClCompile Include="Window.cpp">
      <Filter>Source Files</Filter>
    </ClCompile>
    <ClCompile Include="Timer.cpp">
      <Filter>Source Files</Filter>
    </ClCompile>
    <ClCompile Include="Texture.cpp">
      <Filter>Source Files</Filter>
    </ClCompile>
    <ClCompile Include="targa\targa.cpp">
      <Filter>Source Files</Filter>
    </ClCompile>
    <ClCompile Include="Text2D.cpp">
      <Filter>Source Files</Filter>
    </ClCompile>
    <ClCompile Include="OBJ_Loader.cpp">
      <Filter>Source Files</Filter>
    </ClCompile>
  </ItemGroup>
  <ItemGroup>
    <None Include="packages.config" />
    <None Include="..\data\SimpleFragmentShader.frag">
      <Filter>Source Files</Filter>
    </None>
    <None Include="..\data\SimpleVertexShader.vert">
      <Filter>Source Files</Filter>
    </None>
    <None Include="..\data\Text2D.vert">
      <Filter>Source Files</Filter>
    </None>
    <None Include="..\data\Text2D.frag">
      <Filter>Source Files</Filter>
    </None>
  </ItemGroup>
  <ItemGroup>
    <ClInclude Include="loadShader.hpp">
      <Filter>Source Files</Filter>
    </ClInclude>
    <ClInclude Include="loadBMP_custom.h">
      <Filter>Source Files</Filter>
    </ClInclude>
    <ClInclude Include="ShapeData.h">
      <Filter>Primitives</Filter>
    </ClInclude>
    <ClInclude Include="ShapeGenerator.h">
      <Filter>Primitives</Filter>
    </ClInclude>
    <ClInclude Include="Camera.h">
      <Filter>Header Files</Filter>
    </ClInclude>
    <ClInclude Include="Buffer.h">
      <Filter>Header Files</Filter>
    </ClInclude>
    <ClInclude Include="VAO.h">
      <Filter>Header Files</Filter>
    </ClInclude>
    <ClInclude Include="GL_Type_Traits.h">
      <Filter>Header Files</Filter>
    </ClInclude>
    <ClInclude Include="GL_Tuple_Introspect.h">
      <Filter>Header Files</Filter>
    </ClInclude>
    <ClInclude Include="ShapeContainer.h">
      <Filter>Header Files</Filter>
    </ClInclude>
    <ClInclude Include="Utilities.h">
      <Filter>Header Files</Filter>
    </ClInclude>
    <ClInclude Include="GL_Scene.h">
      <Filter>Header Files</Filter>
    </ClInclude>
    <ClInclude Include="Window.h">
      <Filter>Header Files</Filter>
    </ClInclude>
    <ClInclude Include="Timer.h">
      <Filter>Header Files</Filter>
    </ClInclude>
    <ClInclude Include="Texture.h">
      <Filter>Header Files</Filter>
    </ClInclude>
    <ClInclude Include="targa\targa.h">
      <Filter>Header Files</Filter>
    </ClInclude>
    <ClInclude Include="Text2D.h">
      <Filter>Header Files</Filter>
    </ClInclude>
    <ClInclude Include="OBJ_Loader.h">
      <Filter>Header Files</Filter>
    </ClInclude>
  </ItemGroup>
  <ItemGroup>
    <Image Include="..\data\uvtemplate.bmp">
      <Filter>Source Files</Filter>
    </Image>
  </ItemGroup>
</Project>