
Microsoft Visual Studio Solution File, Format Version 12.00
# Visual Studio 15
VisualStudioVersion = 15.0.27004.2006
MinimumVisualStudioVersion = 10.0.40219.1
Project("{8BC9CEB8-8B4A-11D0-8D11-00A0C91BC942}") = "gl_engine", "gl_engine\gl_engine.vcxproj", "{458F2DC3-55FF-4465-9D45-C570758B098F}"
EndProject
Project("{2150E333-8FDC-42A3-9474-1A3956D46DE8}") = "Solution Items", "Solution Items", "{703E0FFE-91EC-4E41-8807-DEB0DF0C6DEC}"
EndProject
Project("{8BC9CEB8-8B4A-11D0-8D11-00A0C91BC942}") = "gl_test", "gl_test\gl_test.vcxproj", "{0D0B4555-89CD-46FA-A676-057E9BF114C7}"
EndProject
Global
	GlobalSection(Performance) = preSolution
		HasPerformanceSessions = true
	EndGlobalSection
	GlobalSection(SolutionConfigurationPlatforms) = preSolution
		Debug|x64 = Debug|x64
		Debug|x86 = Debug|x86
		Release|x64 = Release|x64
		Release|x86 = Release|x86
	EndGlobalSection
	GlobalSection(ProjectConfigurationPlatforms) = postSolution
		{458F2DC3-55FF-4465-9D45-C570758B098F}.Debug|x64.ActiveCfg = Debug|x64
		{458F2DC3-55FF-4465-9D45-C570758B098F}.Debug|x64.Build.0 = Debug|x64
		{458F2DC3-55FF-4465-9D45-C570758B098F}.Debug|x86.ActiveCfg = Debug|Win32
		{458F2DC3-55FF-4465-9D45-C570758B098F}.Debug|x86.Build.0 = Debug|Win32
		{458F2DC3-55FF-4465-9D45-C570758B098F}.Release|x64.ActiveCfg = Release|x64
		{458F2DC3-55FF-4465-9D45-C570758B098F}.Release|x64.Build.0 = Release|x64
		{458F2DC3-55FF-4465-9D45-C570758B098F}.Release|x86.ActiveCfg = Release|Win32
		{458F2DC3-55FF-4465-9D45-C570758B098F}.Release|x86.Build.0 = Release|Win32
		{0D0B4555-89CD-46FA-A676-057E9BF114C7}.Debug|x64.ActiveCfg = Debug|x64
		{0D0B4555-89CD-46FA-A676-057E9BF114C7}.Debug|x64.Build.0 = Debug|x64
		{0D0B4555-89CD-46FA-A676-057E9BF114C7}.Debug|x86.ActiveCfg = Debug|Win32
		{0D0B4555-89CD-46FA-A676-057E9BF114C7}.Debug|x86.Build.0 = Debug|Win32
		{0D0B4555-89CD-46FA-A676-057E9BF114C7}.Release|x64.ActiveCfg = Release|x64
		{0D0B4555-89CD-46FA-A676-057E9BF114C7}.Release|x64.Build.0 = Release|x64
		{0D0B4555-89CD-46FA-A676-057E9BF114C7}.Release|x86.ActiveCfg = Release|Win32
		{0D0B4555-89CD-46FA-A676-057E9BF114C7}.Release|x86.Build.0 = Release|Win32
	EndGlobalSection
	GlobalSection(SolutionProperties) = preSolution
		HideSolutionNode = FALSE
	EndGlobalSection
	GlobalSection(ExtensibilityGlobals) = postSolution
		SolutionGuid = {DB6EA77F-2CF1-4CDD-99BB-42439448F4AF}
	EndGlobalSection
	GlobalSection(Performance) = preSolution
		HasPerformanceSessions = true
	EndGlobalSection
EndGlobal
