<?xml version="1.0" encoding="utf-8"?>
<Project ToolsVersion="4.0" xmlns="http://schemas.microsoft.com/developer/msbuild/2003">
  <ItemGroup>
    <Filter Include="Camera">
      <UniqueIdentifier>{d0f93e78-efb8-4b7b-92e3-4d2e6da698b1}</UniqueIdentifier>
    </Filter>
    <Filter Include="Light">
      <UniqueIdentifier>{ff113753-dd80-4751-91a2-b74c3db7bc87}</UniqueIdentifier>
    </Filter>
    <Filter Include="Mesh">
      <UniqueIdentifier>{d98a082e-0ca0-4aa8-a2e4-b9aaf77a5b17}</UniqueIdentifier>
    </Filter>
    <Filter Include="Shading">
      <UniqueIdentifier>{ba19c47e-e203-4bb0-b0cc-fbd123f18c2d}</UniqueIdentifier>
    </Filter>
    <Filter Include="Utils">
      <UniqueIdentifier>{9fab680d-d9bd-448d-9cda-1adb81fbf59d}</UniqueIdentifier>
    </Filter>
    <Filter Include="Shaders">
      <UniqueIdentifier>{2f184491-156c-426b-adff-2ac4c252245d}</UniqueIdentifier>
    </Filter>
    <Filter Include="Textures">
      <UniqueIdentifier>{f6b96861-d27f-4e79-ad3f-1cae1c08279e}</UniqueIdentifier>
    </Filter>
    <Filter Include="Uncategorised">
      <UniqueIdentifier>{c40b2bc9-3b10-43d7-9f76-02ff8f88a69c}</UniqueIdentifier>
    </Filter>
    <Filter Include="Node">
      <UniqueIdentifier>{584eb497-1997-4d96-b47a-5902d9adce2c}</UniqueIdentifier>
    </Filter>
    <Filter Include="Render">
      <UniqueIdentifier>{8076be69-4ff2-47a8-aa7b-46d85333bbdb}</UniqueIdentifier>
    </Filter>
  </ItemGroup>
  <ItemGroup>
    <ClCompile Include="mesh\Arrow.cpp">
      <Filter>Mesh</Filter>
    </ClCompile>
    <ClCompile Include="mesh\Cube.cpp">
      <Filter>Mesh</Filter>
    </ClCompile>
    <ClCompile Include="mesh\Cylinder.cpp">
      <Filter>Mesh</Filter>
    </ClCompile>
    <ClCompile Include="mesh\Mesh.cpp">
      <Filter>Mesh</Filter>
    </ClCompile>
    <ClCompile Include="mesh\OBJ.cpp">
      <Filter>Mesh</Filter>
    </ClCompile>
    <ClCompile Include="mesh\Plane.cpp">
      <Filter>Mesh</Filter>
    </ClCompile>
    <ClCompile Include="mesh\Sphere.cpp">
      <Filter>Mesh</Filter>
    </ClCompile>
    <ClCompile Include="mesh\Vertex.cpp">
      <Filter>Mesh</Filter>
    </ClCompile>
    <ClCompile Include="shading\LoadShader.cpp">
      <Filter>Shading</Filter>
    </ClCompile>
    <ClCompile Include="shading\Text2D.cpp">
      <Filter>Shading</Filter>
    </ClCompile>
    <ClCompile Include="light\PointLight.cpp">
      <Filter>Light</Filter>
    </ClCompile>
    <ClCompile Include="camera\Camera.cpp">
      <Filter>Camera</Filter>
    </ClCompile>
    <ClCompile Include="Buffer.cpp">
      <Filter>Uncategorised</Filter>
    </ClCompile>
    <ClCompile Include="main.cpp">
      <Filter>Uncategorised</Filter>
    </ClCompile>
    <ClCompile Include="VAO.cpp">
      <Filter>Uncategorised</Filter>
    </ClCompile>
    <ClCompile Include="Window.cpp">
      <Filter>Uncategorised</Filter>
    </ClCompile>
    <ClCompile Include="node\Node.cpp">
      <Filter>Node</Filter>
    </ClCompile>
    <ClCompile Include="utils\VectorUtils.cpp">
      <Filter>Utils</Filter>
    </ClCompile>
    <ClCompile Include="node\MeshNode.cpp">
      <Filter>Node</Filter>
    </ClCompile>
    <ClCompile Include="shading\Shader.cpp">
      <Filter>Shading</Filter>
    </ClCompile>
    <ClCompile Include="shading\Material.cpp">
      <Filter>Shading</Filter>
    </ClCompile>
    <ClCompile Include="render\Renderer.cpp">
      <Filter>Render</Filter>
    </ClCompile>
    <ClCompile Include="node\CameraNode.cpp">
      <Filter>Node</Filter>
    </ClCompile>
    <ClCompile Include="light\Light.cpp">
      <Filter>Light</Filter>
    </ClCompile>
    <ClCompile Include="node\LightNode.cpp">
      <Filter>Node</Filter>
    </ClCompile>
    <ClCompile Include="shading\Texture.cpp">
      <Filter>Shading</Filter>
    </ClCompile>
    <ClCompile Include="light\DirectionalLight.cpp">
      <Filter>Light</Filter>
    </ClCompile>
    <ClCompile Include="light\SpotLight.cpp">
      <Filter>Light</Filter>
    </ClCompile>
    <ClCompile Include="shading\ShadowMap.cpp">
      <Filter>Shading</Filter>
    </ClCompile>
    <ClCompile Include="camera\OrthoCamera.cpp">
      <Filter>Camera</Filter>
    </ClCompile>
    <ClCompile Include="camera\FreeCamera.cpp">
      <Filter>Camera</Filter>
    </ClCompile>
    <ClCompile Include="camera\TargetCamera.cpp">
      <Filter>Camera</Filter>
    </ClCompile>
    <ClCompile Include="utils\Timer.cpp">
      <Filter>Utils</Filter>
    </ClCompile>
    <ClCompile Include="shading\Framebuffer.cpp">
      <Filter>Shading</Filter>
    </ClCompile>
  </ItemGroup>
  <ItemGroup>
    <None Include="..\data\Text2D.frag">
      <Filter>Shaders</Filter>
    </None>
    <None Include="..\data\Text2D.vert">
      <Filter>Shaders</Filter>
    </None>
    <None Include="..\data\LightShader.frag">
      <Filter>Shaders</Filter>
    </None>
    <None Include="..\data\LightShader.vert">
      <Filter>Shaders</Filter>
    </None>
    <None Include="packages.config">
      <Filter>Uncategorised</Filter>
    </None>
    <None Include="..\data\cShader.frag">
      <Filter>Shaders</Filter>
    </None>
    <None Include="..\data\cShader.vert">
      <Filter>Shaders</Filter>
    </None>
    <None Include="..\data\DepthShader.vert">
      <Filter>Shaders</Filter>
    </None>
    <None Include="..\data\DepthShader.frag">
      <Filter>Shaders</Filter>
    </None>
    <None Include="..\data\DepthShaderCube.vert">
      <Filter>Shaders</Filter>
    </None>
    <None Include="..\data\DepthShaderCube.geom">
      <Filter>Shaders</Filter>
    </None>
    <None Include="..\data\DepthShaderCube.frag">
      <Filter>Shaders</Filter>
    </None>
  </ItemGroup>
  <ItemGroup>
    <ClInclude Include="camera\Camera.h">
      <Filter>Camera</Filter>
    </ClInclude>
    <ClInclude Include="mesh\Arrow.h">
      <Filter>Mesh</Filter>
    </ClInclude>
    <ClInclude Include="mesh\Cube.h">
      <Filter>Mesh</Filter>
    </ClInclude>
    <ClInclude Include="mesh\Cylinder.h">
      <Filter>Mesh</Filter>
    </ClInclude>
    <ClInclude Include="mesh\Mesh.h">
      <Filter>Mesh</Filter>
    </ClInclude>
    <ClInclude Include="mesh\Plane.h">
      <Filter>Mesh</Filter>
    </ClInclude>
    <ClInclude Include="mesh\Sphere.h">
      <Filter>Mesh</Filter>
    </ClInclude>
    <ClInclude Include="mesh\Vertex.h">
      <Filter>Mesh</Filter>
    </ClInclude>
    <ClInclude Include="mesh\OBJ.h">
      <Filter>Mesh</Filter>
    </ClInclude>
    <ClInclude Include="shading\LoadShader.h">
      <Filter>Shading</Filter>
    </ClInclude>
    <ClInclude Include="shading\Text2D.h">
      <Filter>Shading</Filter>
    </ClInclude>
    <ClInclude Include="light\PointLight.h">
      <Filter>Light</Filter>
    </ClInclude>
    <ClInclude Include="Buffer.h">
      <Filter>Uncategorised</Filter>
    </ClInclude>
    <ClInclude Include="GL_Tuple_Introspect.h">
      <Filter>Uncategorised</Filter>
    </ClInclude>
    <ClInclude Include="GL_Type_Traits.h">
      <Filter>Uncategorised</Filter>
    </ClInclude>
    <ClInclude Include="VAO.h">
      <Filter>Uncategorised</Filter>
    </ClInclude>
    <ClInclude Include="Window.h">
      <Filter>Uncategorised</Filter>
    </ClInclude>
    <ClInclude Include="node\Node.h">
      <Filter>Node</Filter>
    </ClInclude>
    <ClInclude Include="utils\VectorUtils.h">
      <Filter>Utils</Filter>
    </ClInclude>
    <ClInclude Include="node\MeshNode.h">
      <Filter>Node</Filter>
    </ClInclude>
    <ClInclude Include="shading\Shader.h">
      <Filter>Shading</Filter>
    </ClInclude>
    <ClInclude Include="shading\Material.h">
      <Filter>Shading</Filter>
    </ClInclude>
    <ClInclude Include="render\Renderer.h">
      <Filter>Render</Filter>
    </ClInclude>
    <ClInclude Include="node\CameraNode.h">
      <Filter>Node</Filter>
    </ClInclude>
    <ClInclude Include="light\Light.h">
      <Filter>Light</Filter>
    </ClInclude>
    <ClInclude Include="node\LightNode.h">
      <Filter>Node</Filter>
    </ClInclude>
    <ClInclude Include="shading\Texture.h">
      <Filter>Shading</Filter>
    </ClInclude>
    <ClInclude Include="light\DirectionalLight.h">
      <Filter>Light</Filter>
    </ClInclude>
    <ClInclude Include="light\SpotLight.h">
      <Filter>Light</Filter>
    </ClInclude>
    <ClInclude Include="shading\ShadowMap.h">
      <Filter>Shading</Filter>
    </ClInclude>
    <ClInclude Include="camera\OrthoCamera.h">
      <Filter>Camera</Filter>
    </ClInclude>
    <ClInclude Include="camera\FreeCamera.h">
      <Filter>Camera</Filter>
    </ClInclude>
    <ClInclude Include="utils\Timer.h">
      <Filter>Utils</Filter>
    </ClInclude>
    <ClInclude Include="camera\TargetCamera.h">
      <Filter>Camera</Filter>
    </ClInclude>
    <ClInclude Include="shading\Framebuffer.h">
      <Filter>Shading</Filter>
    </ClInclude>
  </ItemGroup>
  <ItemGroup>
    <Image Include="..\data\uvtemplate.bmp">
      <Filter>Textures</Filter>
    </Image>
  </ItemGroup>
</Project>