<?xml version="1.0" encoding="utf-8"?>
<Project ToolsVersion="4.0" xmlns="http://schemas.microsoft.com/developer/msbuild/2003">
  <ItemGroup>
    <Filter Include="Source Files">
      <UniqueIdentifier>{4FC737F1-C7A5-4376-A066-2A32D752A2FF}</UniqueIdentifier>
      <Extensions>cpp;c;cc;cxx;def;odl;idl;hpj;bat;asm;asmx</Extensions>
    </Filter>
    <Filter Include="Header Files">
      <UniqueIdentifier>{93995380-89BD-4b04-88EB-625FBE52EBFB}</UniqueIdentifier>
      <Extensions>h;hh;hpp;hxx;hm;inl;inc;ipp;xsd</Extensions>
    </Filter>
    <Filter Include="Resource Files">
      <UniqueIdentifier>{67DA6AB6-F800-4c08-8B7A-83BB121AAD01}</UniqueIdentifier>
      <Extensions>rc;ico;cur;bmp;dlg;rc2;rct;bin;rgs;gif;jpg;jpeg;jpe;resx;tiff;tif;png;wav;mfcribbon-ms</Extensions>
    </Filter>
    <Filter Include="Render">
      <UniqueIdentifier>{f80c63e7-8d20-4b5f-8e3b-b248711a0025}</UniqueIdentifier>
    </Filter>
    <Filter Include="Mesh">
      <UniqueIdentifier>{b6eb0b48-6293-41d7-a3ef-ae5d0c2f2ad0}</UniqueIdentifier>
    </Filter>
    <Filter Include="utils">
      <UniqueIdentifier>{b0b28b46-a206-47f4-84f8-68d3a66f8ab6}</UniqueIdentifier>
    </Filter>
    <Filter Include="camera">
      <UniqueIdentifier>{6e068c6f-bfc6-4063-a8c2-e326a5b9f6f8}</UniqueIdentifier>
    </Filter>
  </ItemGroup>
  <ItemGroup>
    <ClInclude Include="framework.h">
      <Filter>Header Files</Filter>
    </ClInclude>
    <ClInclude Include="pch.h">
      <Filter>Header Files</Filter>
    </ClInclude>
    <ClInclude Include="MathsFuncs.h">
      <Filter>Header Files</Filter>
    </ClInclude>
    <ClInclude Include="render\Window.h">
      <Filter>Render</Filter>
    </ClInclude>
    <ClInclude Include="mesh\Mesh.h">
      <Filter>Mesh</Filter>
    </ClInclude>
    <ClInclude Include="mesh\Vertex.h">
      <Filter>Mesh</Filter>
    </ClInclude>
    <ClInclude Include="utils\VectorUtils.h">
      <Filter>utils</Filter>
    </ClInclude>
    <ClInclude Include="mesh\Cube.h">
      <Filter>Mesh</Filter>
    </ClInclude>
    <ClInclude Include="mesh\Arrow.h">
      <Filter>Mesh</Filter>
    </ClInclude>
    <ClInclude Include="mesh\Cylinder.h">
      <Filter>Mesh</Filter>
    </ClInclude>
    <ClInclude Include="mesh\OBJ.h">
      <Filter>Mesh</Filter>
    </ClInclude>
    <ClInclude Include="mesh\Plane.h">
      <Filter>Mesh</Filter>
    </ClInclude>
    <ClInclude Include="mesh\Sphere.h">
      <Filter>Mesh</Filter>
    </ClInclude>
    <ClInclude Include="mesh\WindowQuad.h">
      <Filter>Mesh</Filter>
    </ClInclude>
    <ClInclude Include="camera\Camera.h">
      <Filter>camera</Filter>
    </ClInclude>
    <ClInclude Include="camera\FreeCamera.h">
      <Filter>camera</Filter>
    </ClInclude>
    <ClInclude Include="camera\OrthoCamera.h">
      <Filter>camera</Filter>
    </ClInclude>
    <ClInclude Include="camera\TargetCamera.h">
      <Filter>camera</Filter>
    </ClInclude>
  </ItemGroup>
  <ItemGroup>
    <ClCompile Include="gl_engine.cpp">
      <Filter>Source Files</Filter>
    </ClCompile>
    <ClCompile Include="pch.cpp">
      <Filter>Source Files</Filter>
    </ClCompile>
    <ClCompile Include="MathsFuncs.cpp">
      <Filter>Source Files</Filter>
    </ClCompile>
    <ClCompile Include="render\Window.cpp">
      <Filter>Render</Filter>
    </ClCompile>
    <ClCompile Include="mesh\Cube.cpp">
      <Filter>Mesh</Filter>
    </ClCompile>
    <ClCompile Include="mesh\Mesh.cpp">
      <Filter>Mesh</Filter>
    </ClCompile>
    <ClCompile Include="mesh\Vertex.cpp">
      <Filter>Mesh</Filter>
    </ClCompile>
    <ClCompile Include="utils\VectorUtils.cpp">
      <Filter>utils</Filter>
    </ClCompile>
    <ClCompile Include="mesh\Arrow.cpp">
      <Filter>Mesh</Filter>
    </ClCompile>
    <ClCompile Include="mesh\Cylinder.cpp">
      <Filter>Mesh</Filter>
    </ClCompile>
    <ClCompile Include="mesh\OBJ.cpp">
      <Filter>Mesh</Filter>
    </ClCompile>
    <ClCompile Include="mesh\Plane.cpp">
      <Filter>Mesh</Filter>
    </ClCompile>
    <ClCompile Include="mesh\Sphere.cpp">
      <Filter>Mesh</Filter>
    </ClCompile>
    <ClCompile Include="mesh\WindowQuad.cpp">
      <Filter>Mesh</Filter>
    </ClCompile>
    <ClCompile Include="camera\Camera.cpp">
      <Filter>camera</Filter>
    </ClCompile>
    <ClCompile Include="camera\FreeCamera.cpp">
      <Filter>camera</Filter>
    </ClCompile>
    <ClCompile Include="camera\OrthoCamera.cpp">
      <Filter>camera</Filter>
    </ClCompile>
    <ClCompile Include="camera\TargetCamera.cpp">
      <Filter>camera</Filter>
    </ClCompile>
  </ItemGroup>
  <ItemGroup>
    <None Include="packages.config" />
  </ItemGroup>
</Project>